
Microsoft Visual Studio Solution File, Format Version 12.00
# Visual Studio Version 16
VisualStudioVersion = 16.0.29411.108
MinimumVisualStudioVersion = 10.0.40219.1
Project("{FAE04EC0-301F-11D3-BF4B-00C04F79EFBC}") = "WebApplication2", "WebApplication2.csproj", "{92D1B574-5294-4924-A445-7FB0FE00622F}"
EndProject
Global
	GlobalSection(SolutionConfigurationPlatforms) = preSolution
		Debug|Any CPU = Debug|Any CPU
		Release|Any CPU = Release|Any CPU
	EndGlobalSection
	GlobalSection(ProjectConfigurationPlatforms) = postSolution
		{92D1B574-5294-4924-A445-7FB0FE00622F}.Debug|Any CPU.ActiveCfg = Debug|Any CPU
		{92D1B574-5294-4924-A445-7FB0FE00622F}.Debug|Any CPU.Build.0 = Debug|Any CPU
		{92D1B574-5294-4924-A445-7FB0FE00622F}.Release|Any CPU.ActiveCfg = Release|Any CPU
		{92D1B574-5294-4924-A445-7FB0FE00622F}.Release|Any CPU.Build.0 = Release|Any CPU
	EndGlobalSection
	GlobalSection(SolutionProperties) = preSolution
		HideSolutionNode = FALSE
	EndGlobalSection
	GlobalSection(ExtensibilityGlobals) = postSolution
		SolutionGuid = {E98AA333-6068-485C-B0B4-A27A103BF28A}
	EndGlobalSection
EndGlobal
